
Microsoft Visual Studio Solution File, Format Version 12.00
Project("{FAE04EC0-301F-11D3-BF4B-00C04F79EFBC}") = "SlotMachine", "SlotMachine.csproj", "{84C8419F-60DB-4F39-BA03-F2CCE5DF6466}"
EndProject
Global
	GlobalSection(SolutionConfigurationPlatforms) = preSolution
		Debug|Any CPU = Debug|Any CPU
		Release|Any CPU = Release|Any CPU
	EndGlobalSection
	GlobalSection(ProjectConfigurationPlatforms) = postSolution
		{84C8419F-60DB-4F39-BA03-F2CCE5DF6466}.Debug|Any CPU.ActiveCfg = Debug|Any CPU
		{84C8419F-60DB-4F39-BA03-F2CCE5DF6466}.Debug|Any CPU.Build.0 = Debug|Any CPU
		{84C8419F-60DB-4F39-BA03-F2CCE5DF6466}.Release|Any CPU.ActiveCfg = Release|Any CPU
		{84C8419F-60DB-4F39-BA03-F2CCE5DF6466}.Release|Any CPU.Build.0 = Release|Any CPU
	EndGlobalSection
EndGlobal
